
Microsoft Visual Studio Solution File, Format Version 12.00
# Visual Studio Version 16
VisualStudioVersion = 25.0.1706.5
MinimumVisualStudioVersion = 10.0.40219.1
Project("{FAE04EC0-301F-11D3-BF4B-00C04F79EFBC}") = "WebApi.WebApi", "WebApi.WebApi\WebApi.WebApi.csproj", "{6FECCA46-0FE6-43C8-81EF-D668BFC4841E}"
EndProject
Project("{FAE04EC0-301F-11D3-BF4B-00C04F79EFBC}") = "WebApi.Domain", "WebApi.Domain\WebApi.Domain.csproj", "{84D14639-42CB-4AD7-8941-2ED36D0FD080}"
EndProject
Project("{FAE04EC0-301F-11D3-BF4B-00C04F79EFBC}") = "WebApi.Shared", "WebApi.Shared\WebApi.Shared.csproj", "{6A68C50A-EBB0-4C87-9421-746A0E650287}"
EndProject
Project("{FAE04EC0-301F-11D3-BF4B-00C04F79EFBC}") = "WebApi.BlazorClient", "WebApi.BlazorClient\WebApi.BlazorClient.csproj", "{667705EC-0A3B-4304-88C9-73203BD6C51C}"
EndProject
Global
	GlobalSection(SolutionConfigurationPlatforms) = preSolution
		Debug|Any CPU = Debug|Any CPU
		Release|Any CPU = Release|Any CPU
	EndGlobalSection
	GlobalSection(ProjectConfigurationPlatforms) = postSolution
		{6FECCA46-0FE6-43C8-81EF-D668BFC4841E}.Debug|Any CPU.ActiveCfg = Debug|Any CPU
		{6FECCA46-0FE6-43C8-81EF-D668BFC4841E}.Debug|Any CPU.Build.0 = Debug|Any CPU
		{6FECCA46-0FE6-43C8-81EF-D668BFC4841E}.Release|Any CPU.ActiveCfg = Release|Any CPU
		{6FECCA46-0FE6-43C8-81EF-D668BFC4841E}.Release|Any CPU.Build.0 = Release|Any CPU
		{84D14639-42CB-4AD7-8941-2ED36D0FD080}.Debug|Any CPU.ActiveCfg = Debug|Any CPU
		{84D14639-42CB-4AD7-8941-2ED36D0FD080}.Debug|Any CPU.Build.0 = Debug|Any CPU
		{84D14639-42CB-4AD7-8941-2ED36D0FD080}.Release|Any CPU.ActiveCfg = Release|Any CPU
		{84D14639-42CB-4AD7-8941-2ED36D0FD080}.Release|Any CPU.Build.0 = Release|Any CPU
		{6A68C50A-EBB0-4C87-9421-746A0E650287}.Debug|Any CPU.ActiveCfg = Debug|Any CPU
		{6A68C50A-EBB0-4C87-9421-746A0E650287}.Debug|Any CPU.Build.0 = Debug|Any CPU
		{6A68C50A-EBB0-4C87-9421-746A0E650287}.Release|Any CPU.ActiveCfg = Release|Any CPU
		{6A68C50A-EBB0-4C87-9421-746A0E650287}.Release|Any CPU.Build.0 = Release|Any CPU
		{667705EC-0A3B-4304-88C9-73203BD6C51C}.Debug|Any CPU.ActiveCfg = Debug|Any CPU
		{667705EC-0A3B-4304-88C9-73203BD6C51C}.Debug|Any CPU.Build.0 = Debug|Any CPU
		{667705EC-0A3B-4304-88C9-73203BD6C51C}.Release|Any CPU.ActiveCfg = Release|Any CPU
		{667705EC-0A3B-4304-88C9-73203BD6C51C}.Release|Any CPU.Build.0 = Release|Any CPU
	EndGlobalSection
	GlobalSection(SolutionProperties) = preSolution
		HideSolutionNode = FALSE
	EndGlobalSection
	GlobalSection(ExtensibilityGlobals) = postSolution
		SolutionGuid = {B06A3535-BAC0-4215-BA72-ACB48609B013}
	EndGlobalSection
EndGlobal
